
Microsoft Visual Studio Solution File, Format Version 12.00
# Visual Studio Version 17
VisualStudioVersion = 17.9.34728.123
MinimumVisualStudioVersion = 10.0.40219.1
Project("{9A19103F-16F7-4668-BE54-9A1E7A4F7556}") = "XeroProducts.Api", "XeroProducts.Api\XeroProducts.Api.csproj", "{95E60322-CC5E-48EF-88A8-4A1620A44603}"
EndProject
Project("{9A19103F-16F7-4668-BE54-9A1E7A4F7556}") = "XeroProducts.Types", "XeroProducts.Types\XeroProducts.Types.csproj", "{BA0C6C02-8E79-4E3D-82F6-D43D05F3CB49}"
EndProject
Project("{9A19103F-16F7-4668-BE54-9A1E7A4F7556}") = "XeroProducts.BL", "XeroProducts.BL\XeroProducts.BL.csproj", "{730CE89A-0756-4E0C-ABD8-F74A100562E8}"
EndProject
Project("{9A19103F-16F7-4668-BE54-9A1E7A4F7556}") = "XeroProducts.DAL", "XeroProducts.DAL\XeroProducts.DAL.csproj", "{004AAC94-BDA0-4356-B0AA-D0F2650AB7FB}"
EndProject
Project("{2150E333-8FDC-42A3-9474-1A3956D46DE8}") = "DAL", "DAL", "{A8E8B644-E95C-472F-92B1-93E9EEAC5821}"
EndProject
Project("{9A19103F-16F7-4668-BE54-9A1E7A4F7556}") = "XeroProducts.DAL.Sql", "XeroProducts.DAL.Sql\XeroProducts.DAL.Sql.csproj", "{B0DE859C-C883-4F74-8DE2-EF4C3840C858}"
EndProject
Project("{2150E333-8FDC-42A3-9474-1A3956D46DE8}") = "UnitTests", "UnitTests", "{9BBA1EB8-19F3-4DFA-B1A6-F46112AAAD41}"
EndProject
Project("{9A19103F-16F7-4668-BE54-9A1E7A4F7556}") = "XeroProducts.BL.UnitTests", "XeroProducts.BL.UnitTests\XeroProducts.BL.UnitTests.csproj", "{53EE9A04-D614-476E-BAFE-A5875FEA9F4B}"
EndProject
Project("{2150E333-8FDC-42A3-9474-1A3956D46DE8}") = "Tools", "Tools", "{0B7FACA9-43B0-4A8D-8F10-403E6BB81214}"
EndProject
Project("{9A19103F-16F7-4668-BE54-9A1E7A4F7556}") = "XeroProducts.KeyGenerator.UnitTests", "XeroProducts.KeyGeneration.UnitTests\XeroProducts.KeyGenerator.UnitTests.csproj", "{0EFAB3EB-F621-4468-8953-6B94B60C95FB}"
EndProject
Project("{9A19103F-16F7-4668-BE54-9A1E7A4F7556}") = "XeroProducts.PasswordService.UnitTests", "XeroProducts.PasswordService.UnitTests\XeroProducts.PasswordService.UnitTests.csproj", "{0FFC9E0D-BF34-4794-9CCF-00D6855693BC}"
EndProject
Project("{9A19103F-16F7-4668-BE54-9A1E7A4F7556}") = "XeroProducts.PasswordService", "XeroProducts.PasswordService\XeroProducts.PasswordService.csproj", "{CE22033D-45A2-49B1-AE36-155EBC277453}"
EndProject
Project("{9A19103F-16F7-4668-BE54-9A1E7A4F7556}") = "XeroProducts.KeyGeneration", "XeroProducts.KeyGeneration\XeroProducts.KeyGeneration.csproj", "{F3990345-399F-49E2-ABDB-BB8763D8ABEF}"
EndProject
Project("{9A19103F-16F7-4668-BE54-9A1E7A4F7556}") = "XeroProducts.KeyGeneration.Console", "XeroProducts.KeyGeneration.Console\XeroProducts.KeyGeneration.Console.csproj", "{1890592E-BB73-4728-B3C4-8B2606A79CB4}"
EndProject
Project("{9A19103F-16F7-4668-BE54-9A1E7A4F7556}") = "XeroProducts.DAL.EntityFramework.Sql", "XeroProducts.DAL.EntityFramework.Sql\XeroProducts.DAL.EntityFramework.Sql.csproj", "{B460BC17-EA7C-4BC3-9824-EAC9A630D44F}"
EndProject
Project("{2150E333-8FDC-42A3-9474-1A3956D46DE8}") = "SQL", "SQL", "{E621C688-D7E6-4E19-A1BC-F7E788959BA4}"
	ProjectSection(SolutionItems) = preProject
		SQL\TSQL Create Hashed Password.sql = SQL\TSQL Create Hashed Password.sql
		SQL\XeroProduct - Create & Populate DB.sql = SQL\XeroProduct - Create & Populate DB.sql
	EndProjectSection
EndProject
Global
	GlobalSection(SolutionConfigurationPlatforms) = preSolution
		Debug|Any CPU = Debug|Any CPU
		Release|Any CPU = Release|Any CPU
	EndGlobalSection
	GlobalSection(ProjectConfigurationPlatforms) = postSolution
		{95E60322-CC5E-48EF-88A8-4A1620A44603}.Debug|Any CPU.ActiveCfg = Debug|Any CPU
		{95E60322-CC5E-48EF-88A8-4A1620A44603}.Debug|Any CPU.Build.0 = Debug|Any CPU
		{95E60322-CC5E-48EF-88A8-4A1620A44603}.Release|Any CPU.ActiveCfg = Release|Any CPU
		{95E60322-CC5E-48EF-88A8-4A1620A44603}.Release|Any CPU.Build.0 = Release|Any CPU
		{BA0C6C02-8E79-4E3D-82F6-D43D05F3CB49}.Debug|Any CPU.ActiveCfg = Debug|Any CPU
		{BA0C6C02-8E79-4E3D-82F6-D43D05F3CB49}.Debug|Any CPU.Build.0 = Debug|Any CPU
		{BA0C6C02-8E79-4E3D-82F6-D43D05F3CB49}.Release|Any CPU.ActiveCfg = Release|Any CPU
		{BA0C6C02-8E79-4E3D-82F6-D43D05F3CB49}.Release|Any CPU.Build.0 = Release|Any CPU
		{730CE89A-0756-4E0C-ABD8-F74A100562E8}.Debug|Any CPU.ActiveCfg = Debug|Any CPU
		{730CE89A-0756-4E0C-ABD8-F74A100562E8}.Debug|Any CPU.Build.0 = Debug|Any CPU
		{730CE89A-0756-4E0C-ABD8-F74A100562E8}.Release|Any CPU.ActiveCfg = Release|Any CPU
		{730CE89A-0756-4E0C-ABD8-F74A100562E8}.Release|Any CPU.Build.0 = Release|Any CPU
		{004AAC94-BDA0-4356-B0AA-D0F2650AB7FB}.Debug|Any CPU.ActiveCfg = Debug|Any CPU
		{004AAC94-BDA0-4356-B0AA-D0F2650AB7FB}.Debug|Any CPU.Build.0 = Debug|Any CPU
		{004AAC94-BDA0-4356-B0AA-D0F2650AB7FB}.Release|Any CPU.ActiveCfg = Release|Any CPU
		{004AAC94-BDA0-4356-B0AA-D0F2650AB7FB}.Release|Any CPU.Build.0 = Release|Any CPU
		{B0DE859C-C883-4F74-8DE2-EF4C3840C858}.Debug|Any CPU.ActiveCfg = Debug|Any CPU
		{B0DE859C-C883-4F74-8DE2-EF4C3840C858}.Debug|Any CPU.Build.0 = Debug|Any CPU
		{B0DE859C-C883-4F74-8DE2-EF4C3840C858}.Release|Any CPU.ActiveCfg = Release|Any CPU
		{B0DE859C-C883-4F74-8DE2-EF4C3840C858}.Release|Any CPU.Build.0 = Release|Any CPU
		{53EE9A04-D614-476E-BAFE-A5875FEA9F4B}.Debug|Any CPU.ActiveCfg = Debug|Any CPU
		{53EE9A04-D614-476E-BAFE-A5875FEA9F4B}.Debug|Any CPU.Build.0 = Debug|Any CPU
		{53EE9A04-D614-476E-BAFE-A5875FEA9F4B}.Release|Any CPU.ActiveCfg = Release|Any CPU
		{53EE9A04-D614-476E-BAFE-A5875FEA9F4B}.Release|Any CPU.Build.0 = Release|Any CPU
		{0EFAB3EB-F621-4468-8953-6B94B60C95FB}.Debug|Any CPU.ActiveCfg = Debug|Any CPU
		{0EFAB3EB-F621-4468-8953-6B94B60C95FB}.Debug|Any CPU.Build.0 = Debug|Any CPU
		{0EFAB3EB-F621-4468-8953-6B94B60C95FB}.Release|Any CPU.ActiveCfg = Release|Any CPU
		{0EFAB3EB-F621-4468-8953-6B94B60C95FB}.Release|Any CPU.Build.0 = Release|Any CPU
		{0FFC9E0D-BF34-4794-9CCF-00D6855693BC}.Debug|Any CPU.ActiveCfg = Debug|Any CPU
		{0FFC9E0D-BF34-4794-9CCF-00D6855693BC}.Debug|Any CPU.Build.0 = Debug|Any CPU
		{0FFC9E0D-BF34-4794-9CCF-00D6855693BC}.Release|Any CPU.ActiveCfg = Release|Any CPU
		{0FFC9E0D-BF34-4794-9CCF-00D6855693BC}.Release|Any CPU.Build.0 = Release|Any CPU
		{CE22033D-45A2-49B1-AE36-155EBC277453}.Debug|Any CPU.ActiveCfg = Debug|Any CPU
		{CE22033D-45A2-49B1-AE36-155EBC277453}.Debug|Any CPU.Build.0 = Debug|Any CPU
		{CE22033D-45A2-49B1-AE36-155EBC277453}.Release|Any CPU.ActiveCfg = Release|Any CPU
		{CE22033D-45A2-49B1-AE36-155EBC277453}.Release|Any CPU.Build.0 = Release|Any CPU
		{F3990345-399F-49E2-ABDB-BB8763D8ABEF}.Debug|Any CPU.ActiveCfg = Debug|Any CPU
		{F3990345-399F-49E2-ABDB-BB8763D8ABEF}.Debug|Any CPU.Build.0 = Debug|Any CPU
		{F3990345-399F-49E2-ABDB-BB8763D8ABEF}.Release|Any CPU.ActiveCfg = Release|Any CPU
		{F3990345-399F-49E2-ABDB-BB8763D8ABEF}.Release|Any CPU.Build.0 = Release|Any CPU
		{1890592E-BB73-4728-B3C4-8B2606A79CB4}.Debug|Any CPU.ActiveCfg = Debug|Any CPU
		{1890592E-BB73-4728-B3C4-8B2606A79CB4}.Debug|Any CPU.Build.0 = Debug|Any CPU
		{1890592E-BB73-4728-B3C4-8B2606A79CB4}.Release|Any CPU.ActiveCfg = Release|Any CPU
		{1890592E-BB73-4728-B3C4-8B2606A79CB4}.Release|Any CPU.Build.0 = Release|Any CPU
		{B460BC17-EA7C-4BC3-9824-EAC9A630D44F}.Debug|Any CPU.ActiveCfg = Debug|Any CPU
		{B460BC17-EA7C-4BC3-9824-EAC9A630D44F}.Debug|Any CPU.Build.0 = Debug|Any CPU
		{B460BC17-EA7C-4BC3-9824-EAC9A630D44F}.Release|Any CPU.ActiveCfg = Release|Any CPU
		{B460BC17-EA7C-4BC3-9824-EAC9A630D44F}.Release|Any CPU.Build.0 = Release|Any CPU
	EndGlobalSection
	GlobalSection(SolutionProperties) = preSolution
		HideSolutionNode = FALSE
	EndGlobalSection
	GlobalSection(NestedProjects) = preSolution
		{004AAC94-BDA0-4356-B0AA-D0F2650AB7FB} = {A8E8B644-E95C-472F-92B1-93E9EEAC5821}
		{B0DE859C-C883-4F74-8DE2-EF4C3840C858} = {A8E8B644-E95C-472F-92B1-93E9EEAC5821}
		{53EE9A04-D614-476E-BAFE-A5875FEA9F4B} = {9BBA1EB8-19F3-4DFA-B1A6-F46112AAAD41}
		{0EFAB3EB-F621-4468-8953-6B94B60C95FB} = {9BBA1EB8-19F3-4DFA-B1A6-F46112AAAD41}
		{0FFC9E0D-BF34-4794-9CCF-00D6855693BC} = {9BBA1EB8-19F3-4DFA-B1A6-F46112AAAD41}
		{CE22033D-45A2-49B1-AE36-155EBC277453} = {0B7FACA9-43B0-4A8D-8F10-403E6BB81214}
		{F3990345-399F-49E2-ABDB-BB8763D8ABEF} = {0B7FACA9-43B0-4A8D-8F10-403E6BB81214}
		{1890592E-BB73-4728-B3C4-8B2606A79CB4} = {0B7FACA9-43B0-4A8D-8F10-403E6BB81214}
		{B460BC17-EA7C-4BC3-9824-EAC9A630D44F} = {A8E8B644-E95C-472F-92B1-93E9EEAC5821}
	EndGlobalSection
	GlobalSection(ExtensibilityGlobals) = postSolution
		SolutionGuid = {E42FD51E-27C8-404B-972F-D325130080BB}
	EndGlobalSection
EndGlobal
