
Microsoft Visual Studio Solution File, Format Version 12.00
# Visual Studio Version 17
VisualStudioVersion = 17.9.34728.123
MinimumVisualStudioVersion = 10.0.40219.1
Project("{9A19103F-16F7-4668-BE54-9A1E7A4F7556}") = "XeroProducts.Api", "XeroProducts.Api\XeroProducts.Api.csproj", "{95E60322-CC5E-48EF-88A8-4A1620A44603}"
EndProject
Project("{FAE04EC0-301F-11D3-BF4B-00C04F79EFBC}") = "XeroProducts.Types", "XeroProducts.Types\XeroProducts.Types.csproj", "{BA0C6C02-8E79-4E3D-82F6-D43D05F3CB49}"
EndProject
Global
	GlobalSection(SolutionConfigurationPlatforms) = preSolution
		Debug|Any CPU = Debug|Any CPU
		Release|Any CPU = Release|Any CPU
	EndGlobalSection
	GlobalSection(ProjectConfigurationPlatforms) = postSolution
		{95E60322-CC5E-48EF-88A8-4A1620A44603}.Debug|Any CPU.ActiveCfg = Debug|Any CPU
		{95E60322-CC5E-48EF-88A8-4A1620A44603}.Debug|Any CPU.Build.0 = Debug|Any CPU
		{95E60322-CC5E-48EF-88A8-4A1620A44603}.Release|Any CPU.ActiveCfg = Release|Any CPU
		{95E60322-CC5E-48EF-88A8-4A1620A44603}.Release|Any CPU.Build.0 = Release|Any CPU
		{BA0C6C02-8E79-4E3D-82F6-D43D05F3CB49}.Debug|Any CPU.ActiveCfg = Debug|Any CPU
		{BA0C6C02-8E79-4E3D-82F6-D43D05F3CB49}.Debug|Any CPU.Build.0 = Debug|Any CPU
		{BA0C6C02-8E79-4E3D-82F6-D43D05F3CB49}.Release|Any CPU.ActiveCfg = Release|Any CPU
		{BA0C6C02-8E79-4E3D-82F6-D43D05F3CB49}.Release|Any CPU.Build.0 = Release|Any CPU
	EndGlobalSection
	GlobalSection(SolutionProperties) = preSolution
		HideSolutionNode = FALSE
	EndGlobalSection
	GlobalSection(ExtensibilityGlobals) = postSolution
		SolutionGuid = {E42FD51E-27C8-404B-972F-D325130080BB}
	EndGlobalSection
EndGlobal
